
Microsoft Visual Studio Solution File, Format Version 12.00
# Visual Studio Version 17
VisualStudioVersion = 17.14.36127.28
MinimumVisualStudioVersion = 10.0.40219.1
Project("{FAE04EC0-301F-11D3-BF4B-00C04F79EFBC}") = "Domain", "Domain\Domain.csproj", "{0A2F810B-5D80-46F8-9C67-1EC8CB4D3153}"
EndProject
Project("{FAE04EC0-301F-11D3-BF4B-00C04F79EFBC}") = "Services", "Services\Services.csproj", "{460B5B34-CCE6-4022-B925-13C2DA28C1A6}"
EndProject
Project("{FAE04EC0-301F-11D3-BF4B-00C04F79EFBC}") = "WindowsForms", "WindowsFormsApp1\WindowsForms.csproj", "{163C29F4-246E-4FFF-875D-1144A2A7559F}"
EndProject
Project("{FAE04EC0-301F-11D3-BF4B-00C04F79EFBC}") = "DTOs", "DTOs\DTOs.csproj", "{A2DE30CD-56E5-46F4-9F7F-F1D965EEBABA}"
EndProject
Project("{FAE04EC0-301F-11D3-BF4B-00C04F79EFBC}") = "Infrastructure.API", "Infrastructure.API\Infrastructure.API.csproj", "{042FD87F-0C3D-4D44-9134-508C2693257A}"
EndProject
Project("{FAE04EC0-301F-11D3-BF4B-00C04F79EFBC}") = "Infrastructure.Data", "Infrastructure.Data\Infrastructure.Data.csproj", "{FD26720E-76E7-42A0-9401-40E329633304}"
EndProject
Project("{FAE04EC0-301F-11D3-BF4B-00C04F79EFBC}") = "WebAPI", "WebAPI\WebAPI.csproj", "{8D6B33C5-CEE1-20B5-A207-99CBB61F699C}"
EndProject
Global
	GlobalSection(SolutionConfigurationPlatforms) = preSolution
		Debug|Any CPU = Debug|Any CPU
		Release|Any CPU = Release|Any CPU
	EndGlobalSection
	GlobalSection(ProjectConfigurationPlatforms) = postSolution
		{0A2F810B-5D80-46F8-9C67-1EC8CB4D3153}.Debug|Any CPU.ActiveCfg = Debug|Any CPU
		{0A2F810B-5D80-46F8-9C67-1EC8CB4D3153}.Debug|Any CPU.Build.0 = Debug|Any CPU
		{0A2F810B-5D80-46F8-9C67-1EC8CB4D3153}.Release|Any CPU.ActiveCfg = Release|Any CPU
		{0A2F810B-5D80-46F8-9C67-1EC8CB4D3153}.Release|Any CPU.Build.0 = Release|Any CPU
		{460B5B34-CCE6-4022-B925-13C2DA28C1A6}.Debug|Any CPU.ActiveCfg = Debug|Any CPU
		{460B5B34-CCE6-4022-B925-13C2DA28C1A6}.Debug|Any CPU.Build.0 = Debug|Any CPU
		{460B5B34-CCE6-4022-B925-13C2DA28C1A6}.Release|Any CPU.ActiveCfg = Release|Any CPU
		{460B5B34-CCE6-4022-B925-13C2DA28C1A6}.Release|Any CPU.Build.0 = Release|Any CPU
		{163C29F4-246E-4FFF-875D-1144A2A7559F}.Debug|Any CPU.ActiveCfg = Debug|Any CPU
		{163C29F4-246E-4FFF-875D-1144A2A7559F}.Debug|Any CPU.Build.0 = Debug|Any CPU
		{163C29F4-246E-4FFF-875D-1144A2A7559F}.Release|Any CPU.ActiveCfg = Release|Any CPU
		{163C29F4-246E-4FFF-875D-1144A2A7559F}.Release|Any CPU.Build.0 = Release|Any CPU
		{A2DE30CD-56E5-46F4-9F7F-F1D965EEBABA}.Debug|Any CPU.ActiveCfg = Debug|Any CPU
		{A2DE30CD-56E5-46F4-9F7F-F1D965EEBABA}.Debug|Any CPU.Build.0 = Debug|Any CPU
		{A2DE30CD-56E5-46F4-9F7F-F1D965EEBABA}.Release|Any CPU.ActiveCfg = Release|Any CPU
		{A2DE30CD-56E5-46F4-9F7F-F1D965EEBABA}.Release|Any CPU.Build.0 = Release|Any CPU
		{042FD87F-0C3D-4D44-9134-508C2693257A}.Debug|Any CPU.ActiveCfg = Debug|Any CPU
		{042FD87F-0C3D-4D44-9134-508C2693257A}.Debug|Any CPU.Build.0 = Debug|Any CPU
		{042FD87F-0C3D-4D44-9134-508C2693257A}.Release|Any CPU.ActiveCfg = Release|Any CPU
		{042FD87F-0C3D-4D44-9134-508C2693257A}.Release|Any CPU.Build.0 = Release|Any CPU
		{FD26720E-76E7-42A0-9401-40E329633304}.Debug|Any CPU.ActiveCfg = Debug|Any CPU
		{FD26720E-76E7-42A0-9401-40E329633304}.Debug|Any CPU.Build.0 = Debug|Any CPU
		{FD26720E-76E7-42A0-9401-40E329633304}.Release|Any CPU.ActiveCfg = Release|Any CPU
		{FD26720E-76E7-42A0-9401-40E329633304}.Release|Any CPU.Build.0 = Release|Any CPU
		{8D6B33C5-CEE1-20B5-A207-99CBB61F699C}.Debug|Any CPU.ActiveCfg = Debug|Any CPU
		{8D6B33C5-CEE1-20B5-A207-99CBB61F699C}.Debug|Any CPU.Build.0 = Debug|Any CPU
		{8D6B33C5-CEE1-20B5-A207-99CBB61F699C}.Release|Any CPU.ActiveCfg = Release|Any CPU
		{8D6B33C5-CEE1-20B5-A207-99CBB61F699C}.Release|Any CPU.Build.0 = Release|Any CPU
	EndGlobalSection
	GlobalSection(SolutionProperties) = preSolution
		HideSolutionNode = FALSE
	EndGlobalSection
	GlobalSection(ExtensibilityGlobals) = postSolution
		SolutionGuid = {54E45699-62C5-45B3-AD9F-2970B1B33FBB}
	EndGlobalSection
EndGlobal
